{
  "name": "ClasesReact",
  "lockfileVersion": 3,
  "requires": true,
  "packages": {
    "": {
      "dependencies": {
        "react-native-bouncy-checkbox": "^4.0.0"
      }
    },
    "node_modules/@freakycoder/react-native-bounceable": {
      "version": "1.0.3",
      "resolved": "https://registry.npmjs.org/@freakycoder/react-native-bounceable/-/react-native-bounceable-1.0.3.tgz",
      "integrity": "sha512-+iMq2tnqxCwFjitbPUz9nZ+VfJ8OU9waIlDJAAsoq1229QEwCmERCNy5zVtDsz75q3i4FLXX/n7fimdMzmP21A=="
    },
    "node_modules/react-native-bouncy-checkbox": {
      "version": "4.0.0",
      "resolved": "https://registry.npmjs.org/react-native-bouncy-checkbox/-/react-native-bouncy-checkbox-4.0.0.tgz",
      "integrity": "sha512-U/V4PEBiTYSZlVKdbA7B1plIFo0/zSs0IRYq7nFh5ONI+zCYyDVfYLU/k4CCh5+zhV6Pm0ZgvZ/6GYya8A9avw==",
      "dependencies": {
        "@freakycoder/react-native-bounceable": "^1.0.3"
      }
    }
  }
}
